<?xml version="1.0" encoding="utf-8"?>
<Project ToolsVersion="4.0" xmlns="http://schemas.microsoft.com/developer/msbuild/2003">
  <ItemGroup>
    <ClCompile Include="game.cpp" />
    <ClCompile Include="surface.cpp">
      <Filter>template code</Filter>
    </ClCompile>
    <ClCompile Include="template.cpp">
      <Filter>template code</Filter>
    </ClCompile>
    <ClCompile Include="RTBox.cpp">
      <Filter>RTObject\Primitives</Filter>
    </ClCompile>
    <ClCompile Include="RTCone.cpp">
      <Filter>RTObject\Primitives</Filter>
    </ClCompile>
    <ClCompile Include="RTObjMesh.cpp">
      <Filter>RTObject\Primitives</Filter>
    </ClCompile>
    <ClCompile Include="RTPlane.cpp">
      <Filter>RTObject\Primitives</Filter>
    </ClCompile>
    <ClCompile Include="RTPrimitive.cpp">
      <Filter>RTObject\Primitives</Filter>
    </ClCompile>
    <ClCompile Include="RTSphere.cpp">
      <Filter>RTObject\Primitives</Filter>
    </ClCompile>
    <ClCompile Include="RTTorus.cpp">
      <Filter>RTObject\Primitives</Filter>
    </ClCompile>
    <ClCompile Include="RTTextureManager.cpp">
      <Filter>Texture</Filter>
    </ClCompile>
    <ClCompile Include="RTTexture.cpp">
      <Filter>Texture</Filter>
    </ClCompile>
    <ClCompile Include="RTChessBoardTexture.cpp">
      <Filter>Texture</Filter>
    </ClCompile>
    <ClCompile Include="FXAA.cpp">
      <Filter>Toolkit</Filter>
    </ClCompile>
    <ClCompile Include="quarticsolver.cpp">
      <Filter>Toolkit</Filter>
    </ClCompile>
    <ClCompile Include="RayTracer.cpp">
      <Filter>RayTracer</Filter>
    </ClCompile>
    <ClCompile Include="RayTracerThread.cpp">
      <Filter>RayTracer</Filter>
    </ClCompile>
    <ClCompile Include="RTIntersection.cpp">
      <Filter>RayTracer</Filter>
    </ClCompile>
    <ClCompile Include="RTCameraController.cpp">
      <Filter>Scene</Filter>
    </ClCompile>
    <ClCompile Include="RTLight.cpp">
      <Filter>Light</Filter>
    </ClCompile>
    <ClCompile Include="RTMaterial.cpp">
      <Filter>Material</Filter>
    </ClCompile>
    <ClCompile Include="RTMaterialManager.cpp">
      <Filter>Material</Filter>
    </ClCompile>
    <ClCompile Include="RTRay.cpp">
      <Filter>RayTracer</Filter>
    </ClCompile>
    <ClCompile Include="Scene.cpp">
      <Filter>Scene</Filter>
    </ClCompile>
    <ClCompile Include="Utils.cpp">
      <Filter>Toolkit</Filter>
    </ClCompile>
    <ClCompile Include="RTTriangle.cpp">
      <Filter>RTObject\Primitives</Filter>
    </ClCompile>
    <ClCompile Include="RTObject.cpp">
      <Filter>RTObject</Filter>
    </ClCompile>
    <ClCompile Include="RTGeometry.cpp">
      <Filter>RTObject</Filter>
    </ClCompile>
    <ClCompile Include="AABB.cpp">
      <Filter>BVH</Filter>
    </ClCompile>
    <ClCompile Include="RayPacket.cpp">
      <Filter>BVH</Filter>
    </ClCompile>
    <ClCompile Include="RTFrustum.cpp">
      <Filter>BVH</Filter>
    </ClCompile>
    <ClCompile Include="BVH.cpp">
      <Filter>BVH</Filter>
    </ClCompile>
    <ClCompile Include="TopLevelBVH.cpp">
      <Filter>BVH</Filter>
    </ClCompile>
    <ClCompile Include="SBVH.cpp">
      <Filter>BVH</Filter>
    </ClCompile>
    <ClCompile Include="glad.cpp">
      <Filter>GLAD</Filter>
    </ClCompile>
    <ClCompile Include="GPURayTracer.cpp">
      <Filter>GPURayTracer</Filter>
    </ClCompile>
    <ClCompile Include="Sampler.cpp">
      <Filter>Sampler</Filter>
    </ClCompile>
    <ClCompile Include="uniform.cpp">
      <Filter>Sampler</Filter>
    </ClCompile>
    <ClCompile Include="LocalSpace.cpp" />
  </ItemGroup>
  <ItemGroup>
    <ClInclude Include="game.h" />
    <ClInclude Include="surface.h">
      <Filter>template code</Filter>
    </ClInclude>
    <ClInclude Include="template.h">
      <Filter>template code</Filter>
    </ClInclude>
    <ClInclude Include="precomp.h" />
    <ClInclude Include="RTBox.h">
      <Filter>RTObject\Primitives</Filter>
    </ClInclude>
    <ClInclude Include="RTCone.h">
      <Filter>RTObject\Primitives</Filter>
    </ClInclude>
    <ClInclude Include="RTObjMesh.h">
      <Filter>RTObject\Primitives</Filter>
    </ClInclude>
    <ClInclude Include="RTPlane.h">
      <Filter>RTObject\Primitives</Filter>
    </ClInclude>
    <ClInclude Include="RTPrimitive.h">
      <Filter>RTObject\Primitives</Filter>
    </ClInclude>
    <ClInclude Include="RTSphere.h">
      <Filter>RTObject\Primitives</Filter>
    </ClInclude>
    <ClInclude Include="RTTorus.h">
      <Filter>RTObject\Primitives</Filter>
    </ClInclude>
    <ClInclude Include="RTTextureManager.h">
      <Filter>Texture</Filter>
    </ClInclude>
    <ClInclude Include="RTTexture.h">
      <Filter>Texture</Filter>
    </ClInclude>
    <ClInclude Include="RTChessBoardTexture.h">
      <Filter>Texture</Filter>
    </ClInclude>
    <ClInclude Include="FXAA.h">
      <Filter>Toolkit</Filter>
    </ClInclude>
    <ClInclude Include="quarticsolver.h">
      <Filter>Toolkit</Filter>
    </ClInclude>
    <ClInclude Include="RayTracer.h">
      <Filter>RayTracer</Filter>
    </ClInclude>
    <ClInclude Include="RTIntersection.h">
      <Filter>RayTracer</Filter>
    </ClInclude>
    <ClInclude Include="RenderOptions.h">
      <Filter>Scene</Filter>
    </ClInclude>
    <ClInclude Include="RTCamera.h">
      <Filter>Scene</Filter>
    </ClInclude>
    <ClInclude Include="RTCameraController.h">
      <Filter>Scene</Filter>
    </ClInclude>
    <ClInclude Include="RTLight.h">
      <Filter>Light</Filter>
    </ClInclude>
    <ClInclude Include="RTMaterial.h">
      <Filter>Material</Filter>
    </ClInclude>
    <ClInclude Include="RTMaterialManager.h">
      <Filter>Material</Filter>
    </ClInclude>
    <ClInclude Include="RTRay.h">
      <Filter>RayTracer</Filter>
    </ClInclude>
    <ClInclude Include="RTSurfacePointData.h">
      <Filter>RayTracer</Filter>
    </ClInclude>
    <ClInclude Include="Scene.h">
      <Filter>Scene</Filter>
    </ClInclude>
    <ClInclude Include="Utils.h">
      <Filter>Toolkit</Filter>
    </ClInclude>
    <ClInclude Include="RTTriangle.h">
      <Filter>RTObject\Primitives</Filter>
    </ClInclude>
    <ClInclude Include="RTObject.h">
      <Filter>RTObject</Filter>
    </ClInclude>
    <ClInclude Include="RTGeometry.h">
      <Filter>RTObject</Filter>
    </ClInclude>
    <ClInclude Include="AABB.h">
      <Filter>BVH</Filter>
    </ClInclude>
    <ClInclude Include="RayPacket.h">
      <Filter>BVH</Filter>
    </ClInclude>
    <ClInclude Include="RTFrustum.h">
      <Filter>BVH</Filter>
    </ClInclude>
    <ClInclude Include="BVH.h">
      <Filter>BVH</Filter>
    </ClInclude>
    <ClInclude Include="TopLevelBVH.h">
      <Filter>BVH</Filter>
    </ClInclude>
    <ClInclude Include="SBVH.h">
      <Filter>BVH</Filter>
    </ClInclude>
    <ClInclude Include="GPURayTracer.h">
      <Filter>GPURayTracer</Filter>
    </ClInclude>
    <ClInclude Include="random.h">
      <Filter>Toolkit</Filter>
    </ClInclude>
    <ClInclude Include="Sampler.h">
      <Filter>Sampler</Filter>
    </ClInclude>
    <ClInclude Include="uniform.h">
      <Filter>Sampler</Filter>
    </ClInclude>
    <ClInclude Include="LocalSpace.h" />
  </ItemGroup>
  <ItemGroup>
    <Filter Include="template code">
      <UniqueIdentifier>{bf32dd6e-4be7-4889-8ac6-49e7ee163c40}</UniqueIdentifier>
    </Filter>
    <Filter Include="Texture">
      <UniqueIdentifier>{5c0feec1-aa74-4053-8f84-ac762031cd03}</UniqueIdentifier>
    </Filter>
    <Filter Include="Material">
      <UniqueIdentifier>{d9a88c3d-cbb8-4414-b4ad-ef9e1bed93e3}</UniqueIdentifier>
    </Filter>
    <Filter Include="RayTracer">
      <UniqueIdentifier>{6ddc32cc-6ea3-4bfb-82db-d8675bce9e31}</UniqueIdentifier>
    </Filter>
    <Filter Include="Toolkit">
      <UniqueIdentifier>{bac1737d-791f-47e6-b47f-ae65bc438eec}</UniqueIdentifier>
    </Filter>
    <Filter Include="Light">
      <UniqueIdentifier>{28305b64-32de-4f3d-9461-f6eb4c0c038f}</UniqueIdentifier>
    </Filter>
    <Filter Include="Scene">
      <UniqueIdentifier>{57b34069-c01a-4067-8ee5-eeedff56fdfc}</UniqueIdentifier>
    </Filter>
    <Filter Include="RTObject">
      <UniqueIdentifier>{629dd1a6-c8b6-41a0-b364-9136c7e1cc46}</UniqueIdentifier>
    </Filter>
    <Filter Include="RTObject\Primitives">
      <UniqueIdentifier>{0f7571f4-a830-49e8-9e07-3ecd93c97bb8}</UniqueIdentifier>
    </Filter>
    <Filter Include="BVH">
      <UniqueIdentifier>{bf9fe783-1cc2-4449-9abf-e0f39e64ac95}</UniqueIdentifier>
    </Filter>
    <Filter Include="GPURayTracer">
      <UniqueIdentifier>{012afc27-e4eb-4fea-b451-024aab76f7e7}</UniqueIdentifier>
    </Filter>
    <Filter Include="GLAD">
      <UniqueIdentifier>{ed7874d1-c2c1-4284-867c-88d49a956737}</UniqueIdentifier>
    </Filter>
    <Filter Include="Sampler">
      <UniqueIdentifier>{524b8874-1fb6-4176-af86-e1def978793e}</UniqueIdentifier>
    </Filter>
  </ItemGroup>
  <ItemGroup>
    <Text Include="_readme.txt">
      <Filter>template code</Filter>
    </Text>
  </ItemGroup>
</Project>